
Microsoft Visual Studio Solution File, Format Version 12.00
# Visual Studio Version 17
VisualStudioVersion = 17.2.32516.85
MinimumVisualStudioVersion = 10.0.40219.1
Project("{FAE04EC0-301F-11D3-BF4B-00C04F79EFBC}") = "Eclipse Market", "Eclipse Market\Eclipse Market.csproj", "{121420EA-8F33-4108-8677-F6487A3BC380}"
EndProject
Global
	GlobalSection(SolutionConfigurationPlatforms) = preSolution
		Debug|Any CPU = Debug|Any CPU
		Release|Any CPU = Release|Any CPU
	EndGlobalSection
	GlobalSection(ProjectConfigurationPlatforms) = postSolution
		{121420EA-8F33-4108-8677-F6487A3BC380}.Debug|Any CPU.ActiveCfg = Debug|Any CPU
		{121420EA-8F33-4108-8677-F6487A3BC380}.Debug|Any CPU.Build.0 = Debug|Any CPU
		{121420EA-8F33-4108-8677-F6487A3BC380}.Release|Any CPU.ActiveCfg = Release|Any CPU
		{121420EA-8F33-4108-8677-F6487A3BC380}.Release|Any CPU.Build.0 = Release|Any CPU
	EndGlobalSection
	GlobalSection(SolutionProperties) = preSolution
		HideSolutionNode = FALSE
	EndGlobalSection
	GlobalSection(ExtensibilityGlobals) = postSolution
		SolutionGuid = {AC9C88C6-3B5A-4E83-8D3C-F206BF596034}
	EndGlobalSection
EndGlobal
